
Microsoft Visual Studio Solution File, Format Version 12.00
# Visual Studio Version 16
VisualStudioVersion = 16.0.31129.286
MinimumVisualStudioVersion = 10.0.40219.1
Project("{9A19103F-16F7-4668-BE54-9A1E7A4F7556}") = "210403", "210403.csproj", "{739D2613-325B-42CC-9BB6-687C1A5015D2}"
EndProject
Project("{9A19103F-16F7-4668-BE54-9A1E7A4F7556}") = "Donguler", "..\Donguler\Donguler.csproj", "{97DF9604-B4E1-4F1E-916C-36FADF3DFFB2}"
EndProject
Project("{9A19103F-16F7-4668-BE54-9A1E7A4F7556}") = "ClassIntro", "..\ClassIntro\ClassIntro.csproj", "{B34B7EBC-08FB-4466-A9E8-B9D757A87C17}"
EndProject
Project("{FAE04EC0-301F-11D3-BF4B-00C04F79EFBC}") = "Metotlar", "..\Metotlar\Metotlar.csproj", "{C3094CC6-BC2D-4FED-B60A-936144FD425F}"
EndProject
Project("{FAE04EC0-301F-11D3-BF4B-00C04F79EFBC}") = "Matematik", "..\Matematik\Matematik.csproj", "{A5E081ED-DB15-4633-8BE0-9CAA52C150D6}"
EndProject
Project("{FAE04EC0-301F-11D3-BF4B-00C04F79EFBC}") = "DegerVeReferansTipler", "..\DegerVeReferansTipler\DegerVeReferansTipler.csproj", "{6F124DAE-082E-4775-91B2-8C3692805EBF}"
EndProject
Global
	GlobalSection(SolutionConfigurationPlatforms) = preSolution
		Debug|Any CPU = Debug|Any CPU
		Release|Any CPU = Release|Any CPU
	EndGlobalSection
	GlobalSection(ProjectConfigurationPlatforms) = postSolution
		{739D2613-325B-42CC-9BB6-687C1A5015D2}.Debug|Any CPU.ActiveCfg = Debug|Any CPU
		{739D2613-325B-42CC-9BB6-687C1A5015D2}.Debug|Any CPU.Build.0 = Debug|Any CPU
		{739D2613-325B-42CC-9BB6-687C1A5015D2}.Release|Any CPU.ActiveCfg = Release|Any CPU
		{739D2613-325B-42CC-9BB6-687C1A5015D2}.Release|Any CPU.Build.0 = Release|Any CPU
		{97DF9604-B4E1-4F1E-916C-36FADF3DFFB2}.Debug|Any CPU.ActiveCfg = Debug|Any CPU
		{97DF9604-B4E1-4F1E-916C-36FADF3DFFB2}.Debug|Any CPU.Build.0 = Debug|Any CPU
		{97DF9604-B4E1-4F1E-916C-36FADF3DFFB2}.Release|Any CPU.ActiveCfg = Release|Any CPU
		{97DF9604-B4E1-4F1E-916C-36FADF3DFFB2}.Release|Any CPU.Build.0 = Release|Any CPU
		{B34B7EBC-08FB-4466-A9E8-B9D757A87C17}.Debug|Any CPU.ActiveCfg = Debug|Any CPU
		{B34B7EBC-08FB-4466-A9E8-B9D757A87C17}.Debug|Any CPU.Build.0 = Debug|Any CPU
		{B34B7EBC-08FB-4466-A9E8-B9D757A87C17}.Release|Any CPU.ActiveCfg = Release|Any CPU
		{B34B7EBC-08FB-4466-A9E8-B9D757A87C17}.Release|Any CPU.Build.0 = Release|Any CPU
		{C3094CC6-BC2D-4FED-B60A-936144FD425F}.Debug|Any CPU.ActiveCfg = Debug|Any CPU
		{C3094CC6-BC2D-4FED-B60A-936144FD425F}.Debug|Any CPU.Build.0 = Debug|Any CPU
		{C3094CC6-BC2D-4FED-B60A-936144FD425F}.Release|Any CPU.ActiveCfg = Release|Any CPU
		{C3094CC6-BC2D-4FED-B60A-936144FD425F}.Release|Any CPU.Build.0 = Release|Any CPU
		{A5E081ED-DB15-4633-8BE0-9CAA52C150D6}.Debug|Any CPU.ActiveCfg = Debug|Any CPU
		{A5E081ED-DB15-4633-8BE0-9CAA52C150D6}.Debug|Any CPU.Build.0 = Debug|Any CPU
		{A5E081ED-DB15-4633-8BE0-9CAA52C150D6}.Release|Any CPU.ActiveCfg = Release|Any CPU
		{A5E081ED-DB15-4633-8BE0-9CAA52C150D6}.Release|Any CPU.Build.0 = Release|Any CPU
		{6F124DAE-082E-4775-91B2-8C3692805EBF}.Debug|Any CPU.ActiveCfg = Debug|Any CPU
		{6F124DAE-082E-4775-91B2-8C3692805EBF}.Debug|Any CPU.Build.0 = Debug|Any CPU
		{6F124DAE-082E-4775-91B2-8C3692805EBF}.Release|Any CPU.ActiveCfg = Release|Any CPU
		{6F124DAE-082E-4775-91B2-8C3692805EBF}.Release|Any CPU.Build.0 = Release|Any CPU
	EndGlobalSection
	GlobalSection(SolutionProperties) = preSolution
		HideSolutionNode = FALSE
	EndGlobalSection
	GlobalSection(ExtensibilityGlobals) = postSolution
		SolutionGuid = {07595813-2BD2-4196-8376-07E7988BF90C}
	EndGlobalSection
EndGlobal
